// !$*UTF8*$!
{
	archiveVersion = 1;
	classes = {
	};
	objectVersion = 50;
	objects = {

/* Begin PBXBuildFile section */
		75A65DF6215CE98200BBC398 /* AppDelegate.m in Sources */ = {isa = PBXBuildFile; fileRef = 75A65DF5215CE98200BBC398 /* AppDelegate.m */; };
		75A65DFE215CE98700BBC398 /* Assets.xcassets in Resources */ = {isa = PBXBuildFile; fileRef = 75A65DFD215CE98700BBC398 /* Assets.xcassets */; };
		75A65E04215CE98700BBC398 /* main.m in Sources */ = {isa = PBXBuildFile; fileRef = 75A65E03215CE98700BBC398 /* main.m */; };
		75A65E0D215CEAA300BBC398 /* OneViewController.m in Sources */ = {isa = PBXBuildFile; fileRef = 75A65E0B215CEAA300BBC398 /* OneViewController.m */; };
		75A65E0E215CEAA300BBC398 /* OneViewController.xib in Resources */ = {isa = PBXBuildFile; fileRef = 75A65E0C215CEAA300BBC398 /* OneViewController.xib */; };
		75A65E12215CEB1600BBC398 /* TwoViewController.m in Sources */ = {isa = PBXBuildFile; fileRef = 75A65E10215CEB1600BBC398 /* TwoViewController.m */; };
		75A65E13215CEB1700BBC398 /* TwoViewController.xib in Resources */ = {isa = PBXBuildFile; fileRef = 75A65E11215CEB1600BBC398 /* TwoViewController.xib */; };
		75A65E17215CEB2B00BBC398 /* ThreeViewController.m in Sources */ = {isa = PBXBuildFile; fileRef = 75A65E15215CEB2B00BBC398 /* ThreeViewController.m */; };
		75A65E18215CEB2B00BBC398 /* ThreeViewController.xib in Resources */ = {isa = PBXBuildFile; fileRef = 75A65E16215CEB2B00BBC398 /* ThreeViewController.xib */; };
/* End PBXBuildFile section */

/* Begin PBXFileReference section */
		75A65DF1215CE98200BBC398 /* 导航控制器（代码）.app */ = {isa = PBXFileReference; explicitFileType = wrapper.application; includeInIndex = 0; path = "导航控制器（代码）.app"; sourceTree = BUILT_PRODUCTS_DIR; };
		75A65DF4215CE98200BBC398 /* AppDelegate.h */ = {isa = PBXFileReference; lastKnownFileType = sourcecode.c.h; path = AppDelegate.h; sourceTree = "<group>"; };
		75A65DF5215CE98200BBC398 /* AppDelegate.m */ = {isa = PBXFileReference; lastKnownFileType = sourcecode.c.objc; path = AppDelegate.m; sourceTree = "<group>"; };
		75A65DFD215CE98700BBC398 /* Assets.xcassets */ = {isa = PBXFileReference; lastKnownFileType = folder.assetcatalog; path = Assets.xcassets; sourceTree = "<group>"; };
		75A65E02215CE98700BBC398 /* Info.plist */ = {isa = PBXFileReference; lastKnownFileType = text.plist.xml; path = Info.plist; sourceTree = "<group>"; };
		75A65E03215CE98700BBC398 /* main.m */ = {isa = PBXFileReference; lastKnownFileType = sourcecode.c.objc; path = main.m; sourceTree = "<group>"; };
		75A65E0A215CEAA300BBC398 /* OneViewController.h */ = {isa = PBXFileReference; lastKnownFileType = sourcecode.c.h; path = OneViewController.h; sourceTree = "<group>"; };
		75A65E0B215CEAA300BBC398 /* OneViewController.m */ = {isa = PBXFileReference; lastKnownFileType = sourcecode.c.objc; path = OneViewController.m; sourceTree = "<group>"; };
		75A65E0C215CEAA300BBC398 /* OneViewController.xib */ = {isa = PBXFileReference; lastKnownFileType = file.xib; path = OneViewController.xib; sourceTree = "<group>"; };
		75A65E0F215CEB1600BBC398 /* TwoViewController.h */ = {isa = PBXFileReference; lastKnownFileType = sourcecode.c.h; path = TwoViewController.h; sourceTree = "<group>"; };
		75A65E10215CEB1600BBC398 /* TwoViewController.m */ = {isa = PBXFileReference; lastKnownFileType = sourcecode.c.objc; path = TwoViewController.m; sourceTree = "<group>"; };
		75A65E11215CEB1600BBC398 /* TwoViewController.xib */ = {isa = PBXFileReference; lastKnownFileType = file.xib; path = TwoViewController.xib; sourceTree = "<group>"; };
		75A65E14215CEB2B00BBC398 /* ThreeViewController.h */ = {isa = PBXFileReference; lastKnownFileType = sourcecode.c.h; path = ThreeViewController.h; sourceTree = "<group>"; };
		75A65E15215CEB2B00BBC398 /* ThreeViewController.m */ = {isa = PBXFileReference; lastKnownFileType = sourcecode.c.objc; path = ThreeViewController.m; sourceTree = "<group>"; };
		75A65E16215CEB2B00BBC398 /* ThreeViewController.xib */ = {isa = PBXFileReference; lastKnownFileType = file.xib; path = ThreeViewController.xib; sourceTree = "<group>"; };
/* End PBXFileReference section */

/* Begin PBXFrameworksBuildPhase section */
		75A65DEE215CE98200BBC398 /* Frameworks */ = {
			isa = PBXFrameworksBuildPhase;
			buildActionMask = 2147483647;
			files = (
			);
			runOnlyForDeploymentPostprocessing = 0;
		};
/* End PBXFrameworksBuildPhase section */

/* Begin PBXGroup section */
		75A65DE8215CE98200BBC398 = {
			isa = PBXGroup;
			children = (
				75A65DF3215CE98200BBC398 /* 导航控制器（代码） */,
				75A65DF2215CE98200BBC398 /* Products */,
			);
			sourceTree = "<group>";
		};
		75A65DF2215CE98200BBC398 /* Products */ = {
			isa = PBXGroup;
			children = (
				75A65DF1215CE98200BBC398 /* 导航控制器（代码）.app */,
			);
			name = Products;
			sourceTree = "<group>";
		};
		75A65DF3215CE98200BBC398 /* 导航控制器（代码） */ = {
			isa = PBXGroup;
			children = (
				75A65DF4215CE98200BBC398 /* AppDelegate.h */,
				75A65DF5215CE98200BBC398 /* AppDelegate.m */,
				75A65E0A215CEAA300BBC398 /* OneViewController.h */,
				75A65E0B215CEAA300BBC398 /* OneViewController.m */,
				75A65E0C215CEAA300BBC398 /* OneViewController.xib */,
				75A65E0F215CEB1600BBC398 /* TwoViewController.h */,
				75A65E10215CEB1600BBC398 /* TwoViewController.m */,
				75A65E11215CEB1600BBC398 /* TwoViewController.xib */,
				75A65E14215CEB2B00BBC398 /* ThreeViewController.h */,
				75A65E15215CEB2B00BBC398 /* ThreeViewController.m */,
				75A65E16215CEB2B00BBC398 /* ThreeViewController.xib */,
				75A65DFD215CE98700BBC398 /* Assets.xcassets */,
				75A65E02215CE98700BBC398 /* Info.plist */,
				75A65E03215CE98700BBC398 /* main.m */,
			);
			path = "导航控制器（代码）";
			sourceTree = "<group>";
		};
/* End PBXGroup section */

/* Begin PBXNativeTarget section */
		75A65DF0215CE98200BBC398 /* 导航控制器（代码） */ = {
			isa = PBXNativeTarget;
			buildConfigurationList = 75A65E07215CE98700BBC398 /* Build configuration list for PBXNativeTarget "导航控制器（代码）" */;
			buildPhases = (
				75A65DED215CE98200BBC398 /* Sources */,
				75A65DEE215CE98200BBC398 /* Frameworks */,
				75A65DEF215CE98200BBC398 /* Resources */,
			);
			buildRules = (
			);
			dependencies = (
			);
			name = "导航控制器（代码）";
			productName = "导航控制器（代码）";
			productReference = 75A65DF1215CE98200BBC398 /* 导航控制器（代码）.app */;
			productType = "com.apple.product-type.application";
		};
/* End PBXNativeTarget section */

/* Begin PBXProject section */
		75A65DE9215CE98200BBC398 /* Project object */ = {
			isa = PBXProject;
			attributes = {
				LastUpgradeCheck = 1000;
				ORGANIZATIONNAME = "赵鹏";
				TargetAttributes = {
					75A65DF0215CE98200BBC398 = {
						CreatedOnToolsVersion = 10.0;
					};
				};
			};
			buildConfigurationList = 75A65DEC215CE98200BBC398 /* Build configuration list for PBXProject "导航控制器（代码）" */;
			compatibilityVersion = "Xcode 9.3";
			developmentRegion = en;
			hasScannedForEncodings = 0;
			knownRegions = (
				en,
				Base,
			);
			mainGroup = 75A65DE8215CE98200BBC398;
			productRefGroup = 75A65DF2215CE98200BBC398 /* Products */;
			projectDirPath = "";
			projectRoot = "";
			targets = (
				75A65DF0215CE98200BBC398 /* 导航控制器（代码） */,
			);
		};
/* End PBXProject section */

/* Begin PBXResourcesBuildPhase section */
		75A65DEF215CE98200BBC398 /* Resources */ = {
			isa = PBXResourcesBuildPhase;
			buildActionMask = 2147483647;
			files = (
				75A65E13215CEB1700BBC398 /* TwoViewController.xib in Resources */,
				75A65DFE215CE98700BBC398 /* Assets.xcassets in Resources */,
				75A65E0E215CEAA300BBC398 /* OneViewController.xib in Resources */,
				75A65E18215CEB2B00BBC398 /* ThreeViewController.xib in Resources */,
			);
			runOnlyForDeploymentPostprocessing = 0;
		};
/* End PBXResourcesBuildPhase section */

/* Begin PBXSourcesBuildPhase section */
		75A65DED215CE98200BBC398 /* Sources */ = {
			isa = PBXSourcesBuildPhase;
			buildActionMask = 2147483647;
			files = (
				75A65E0D215CEAA300BBC398 /* OneViewController.m in Sources */,
				75A65E04215CE98700BBC398 /* main.m in Sources */,
				75A65DF6215CE98200BBC398 /* AppDelegate.m in Sources */,
				75A65E12215CEB1600BBC398 /* TwoViewController.m in Sources */,
				75A65E17215CEB2B00BBC398 /* ThreeViewController.m in Sources */,
			);
			runOnlyForDeploymentPostprocessing = 0;
		};
/* End PBXSourcesBuildPhase section */

/* Begin XCBuildConfiguration section */
		75A65E05215CE98700BBC398 /* Debug */ = {
			isa = XCBuildConfiguration;
			buildSettings = {
				ALWAYS_SEARCH_USER_PATHS = NO;
				CLANG_ANALYZER_NONNULL = YES;
				CLANG_ANALYZER_NUMBER_OBJECT_CONVERSION = YES_AGGRESSIVE;
				CLANG_CXX_LANGUAGE_STANDARD = "gnu++14";
				CLANG_CXX_LIBRARY = "libc++";
				CLANG_ENABLE_MODULES = YES;
				CLANG_ENABLE_OBJC_ARC = YES;
				CLANG_ENABLE_OBJC_WEAK = YES;
				CLANG_WARN_BLOCK_CAPTURE_AUTORELEASING = YES;
				CLANG_WARN_BOOL_CONVERSION = YES;
				CLANG_WARN_COMMA = YES;
				CLANG_WARN_CONSTANT_CONVERSION = YES;
				CLANG_WARN_DEPRECATED_OBJC_IMPLEMENTATIONS = YES;
				CLANG_WARN_DIRECT_OBJC_ISA_USAGE = YES_ERROR;
				CLANG_WARN_DOCUMENTATION_COMMENTS = YES;
				CLANG_WARN_EMPTY_BODY = YES;
				CLANG_WARN_ENUM_CONVERSION = YES;
				CLANG_WARN_INFINITE_RECURSION = YES;
				CLANG_WARN_INT_CONVERSION = YES;
				CLANG_WARN_NON_LITERAL_NULL_CONVERSION = YES;
				CLANG_WARN_OBJC_IMPLICIT_RETAIN_SELF = YES;
				CLANG_WARN_OBJC_LITERAL_CONVERSION = YES;
				CLANG_WARN_OBJC_ROOT_CLASS = YES_ERROR;
				CLANG_WARN_RANGE_LOOP_ANALYSIS = YES;
				CLANG_WARN_STRICT_PROTOTYPES = YES;
				CLANG_WARN_SUSPICIOUS_MOVE = YES;
				CLANG_WARN_UNGUARDED_AVAILABILITY = YES_AGGRESSIVE;
				CLANG_WARN_UNREACHABLE_CODE = YES;
				CLANG_WARN__DUPLICATE_METHOD_MATCH = YES;
				CODE_SIGN_IDENTITY = "iPhone Developer";
				COPY_PHASE_STRIP = NO;
				DEBUG_INFORMATION_FORMAT = dwarf;
				ENABLE_STRICT_OBJC_MSGSEND = YES;
				ENABLE_TESTABILITY = YES;
				GCC_C_LANGUAGE_STANDARD = gnu11;
				GCC_DYNAMIC_NO_PIC = NO;
				GCC_NO_COMMON_BLOCKS = YES;
				GCC_OPTIMIZATION_LEVEL = 0;
				GCC_PREPROCESSOR_DEFINITIONS = (
					"DEBUG=1",
					"$(inherited)",
				);
				GCC_WARN_64_TO_32_BIT_CONVERSION = YES;
				GCC_WARN_ABOUT_RETURN_TYPE = YES_ERROR;
				GCC_WARN_UNDECLARED_SELECTOR = YES;
				GCC_WARN_UNINITIALIZED_AUTOS = YES_AGGRESSIVE;
				GCC_WARN_UNUSED_FUNCTION = YES;
				GCC_WARN_UNUSED_VARIABLE = YES;
				IPHONEOS_DEPLOYMENT_TARGET = 12.0;
				MTL_ENABLE_DEBUG_INFO = INCLUDE_SOURCE;
				MTL_FAST_MATH = YES;
				ONLY_ACTIVE_ARCH = YES;
				SDKROOT = iphoneos;
			};
			name = Debug;
		};
		75A65E06215CE98700BBC398 /* Release */ = {
			isa = XCBuildConfiguration;
			buildSettings = {
				ALWAYS_SEARCH_USER_PATHS = NO;
				CLANG_ANALYZER_NONNULL = YES;
				CLANG_ANALYZER_NUMBER_OBJECT_CONVERSION = YES_AGGRESSIVE;
				CLANG_CXX_LANGUAGE_STANDARD = "gnu++14";
				CLANG_CXX_LIBRARY = "libc++";
				CLANG_ENABLE_MODULES = YES;
				CLANG_ENABLE_OBJC_ARC = YES;
				CLANG_ENABLE_OBJC_WEAK = YES;
				CLANG_WARN_BLOCK_CAPTURE_AUTORELEASING = YES;
				CLANG_WARN_BOOL_CONVERSION = YES;
				CLANG_WARN_COMMA = YES;
				CLANG_WARN_CONSTANT_CONVERSION = YES;
				CLANG_WARN_DEPRECATED_OBJC_IMPLEMENTATIONS = YES;
				CLANG_WARN_DIRECT_OBJC_ISA_USAGE = YES_ERROR;
				CLANG_WARN_DOCUMENTATION_COMMENTS = YES;
				CLANG_WARN_EMPTY_BODY = YES;
				CLANG_WARN_ENUM_CONVERSION = YES;
				CLANG_WARN_INFINITE_RECURSION = YES;
				CLANG_WARN_INT_CONVERSION = YES;
				CLANG_WARN_NON_LITERAL_NULL_CONVERSION = YES;
				CLANG_WARN_OBJC_IMPLICIT_RETAIN_SELF = YES;
				CLANG_WARN_OBJC_LITERAL_CONVERSION = YES;
				CLANG_WARN_OBJC_ROOT_CLASS = YES_ERROR;
				CLANG_WARN_RANGE_LOOP_ANALYSIS = YES;
				CLANG_WARN_STRICT_PROTOTYPES = YES;
				CLANG_WARN_SUSPICIOUS_MOVE = YES;
				CLANG_WARN_UNGUARDED_AVAILABILITY = YES_AGGRESSIVE;
				CLANG_WARN_UNREACHABLE_CODE = YES;
				CLANG_WARN__DUPLICATE_METHOD_MATCH = YES;
				CODE_SIGN_IDENTITY = "iPhone Developer";
				COPY_PHASE_STRIP = NO;
				DEBUG_INFORMATION_FORMAT = "dwarf-with-dsym";
				ENABLE_NS_ASSERTIONS = NO;
				ENABLE_STRICT_OBJC_MSGSEND = YES;
				GCC_C_LANGUAGE_STANDARD = gnu11;
				GCC_NO_COMMON_BLOCKS = YES;
				GCC_WARN_64_TO_32_BIT_CONVERSION = YES;
				GCC_WARN_ABOUT_RETURN_TYPE = YES_ERROR;
				GCC_WARN_UNDECLARED_SELECTOR = YES;
				GCC_WARN_UNINITIALIZED_AUTOS = YES_AGGRESSIVE;
				GCC_WARN_UNUSED_FUNCTION = YES;
				GCC_WARN_UNUSED_VARIABLE = YES;
				IPHONEOS_DEPLOYMENT_TARGET = 12.0;
				MTL_ENABLE_DEBUG_INFO = NO;
				MTL_FAST_MATH = YES;
				SDKROOT = iphoneos;
				VALIDATE_PRODUCT = YES;
			};
			name = Release;
		};
		75A65E08215CE98700BBC398 /* Debug */ = {
			isa = XCBuildConfiguration;
			buildSettings = {
				ASSETCATALOG_COMPILER_APPICON_NAME = AppIcon;
				CODE_SIGN_STYLE = Automatic;
				INFOPLIST_FILE = "导航控制器（代码）/Info.plist";
				LD_RUNPATH_SEARCH_PATHS = (
					"$(inherited)",
					"@executable_path/Frameworks",
				);
				PRODUCT_BUNDLE_IDENTIFIER = "home.---------";
				PRODUCT_NAME = "$(TARGET_NAME)";
				TARGETED_DEVICE_FAMILY = "1,2";
			};
			name = Debug;
		};
		75A65E09215CE98700BBC398 /* Release */ = {
			isa = XCBuildConfiguration;
			buildSettings = {
				ASSETCATALOG_COMPILER_APPICON_NAME = AppIcon;
				CODE_SIGN_STYLE = Automatic;
				INFOPLIST_FILE = "导航控制器（代码）/Info.plist";
				LD_RUNPATH_SEARCH_PATHS = (
					"$(inherited)",
					"@executable_path/Frameworks",
				);
				PRODUCT_BUNDLE_IDENTIFIER = "home.---------";
				PRODUCT_NAME = "$(TARGET_NAME)";
				TARGETED_DEVICE_FAMILY = "1,2";
			};
			name = Release;
		};
/* End XCBuildConfiguration section */

/* Begin XCConfigurationList section */
		75A65DEC215CE98200BBC398 /* Build configuration list for PBXProject "导航控制器（代码）" */ = {
			isa = XCConfigurationList;
			buildConfigurations = (
				75A65E05215CE98700BBC398 /* Debug */,
				75A65E06215CE98700BBC398 /* Release */,
			);
			defaultConfigurationIsVisible = 0;
			defaultConfigurationName = Release;
		};
		75A65E07215CE98700BBC398 /* Build configuration list for PBXNativeTarget "导航控制器（代码）" */ = {
			isa = XCConfigurationList;
			buildConfigurations = (
				75A65E08215CE98700BBC398 /* Debug */,
				75A65E09215CE98700BBC398 /* Release */,
			);
			defaultConfigurationIsVisible = 0;
			defaultConfigurationName = Release;
		};
/* End XCConfigurationList section */
	};
	rootObject = 75A65DE9215CE98200BBC398 /* Project object */;
}
